
Microsoft Visual Studio Solution File, Format Version 12.00
# Visual Studio Version 17
VisualStudioVersion = 17.7.34202.233
MinimumVisualStudioVersion = 10.0.40219.1
Project("{8BC9CEB8-8B4A-11D0-8D11-00A0C91BC942}") = "Basic_74", "Basic_74\Basic_74.vcxproj", "{F7B81C09-F693-4849-AC05-03C0DBED34D6}"
EndProject
Global
	GlobalSection(SolutionConfigurationPlatforms) = preSolution
		Debug|x64 = Debug|x64
		Debug|x86 = Debug|x86
		Release|x64 = Release|x64
		Release|x86 = Release|x86
	EndGlobalSection
	GlobalSection(ProjectConfigurationPlatforms) = postSolution
		{F7B81C09-F693-4849-AC05-03C0DBED34D6}.Debug|x64.ActiveCfg = Debug|x64
		{F7B81C09-F693-4849-AC05-03C0DBED34D6}.Debug|x64.Build.0 = Debug|x64
		{F7B81C09-F693-4849-AC05-03C0DBED34D6}.Debug|x86.ActiveCfg = Debug|Win32
		{F7B81C09-F693-4849-AC05-03C0DBED34D6}.Debug|x86.Build.0 = Debug|Win32
		{F7B81C09-F693-4849-AC05-03C0DBED34D6}.Release|x64.ActiveCfg = Release|x64
		{F7B81C09-F693-4849-AC05-03C0DBED34D6}.Release|x64.Build.0 = Release|x64
		{F7B81C09-F693-4849-AC05-03C0DBED34D6}.Release|x86.ActiveCfg = Release|Win32
		{F7B81C09-F693-4849-AC05-03C0DBED34D6}.Release|x86.Build.0 = Release|Win32
	EndGlobalSection
	GlobalSection(SolutionProperties) = preSolution
		HideSolutionNode = FALSE
	EndGlobalSection
	GlobalSection(ExtensibilityGlobals) = postSolution
		SolutionGuid = {A4A2A57B-A321-4219-B9B8-3AF414BADFEF}
	EndGlobalSection
EndGlobal
