
Microsoft Visual Studio Solution File, Format Version 12.00
# Visual Studio Version 17
VisualStudioVersion = 17.7.34202.233
MinimumVisualStudioVersion = 10.0.40219.1
Project("{8BC9CEB8-8B4A-11D0-8D11-00A0C91BC942}") = "Basic_242", "Basic_242\Basic_242.vcxproj", "{9FE2BA84-3F2F-4B32-AE91-63B48E009589}"
EndProject
Global
	GlobalSection(SolutionConfigurationPlatforms) = preSolution
		Debug|x64 = Debug|x64
		Debug|x86 = Debug|x86
		Release|x64 = Release|x64
		Release|x86 = Release|x86
	EndGlobalSection
	GlobalSection(ProjectConfigurationPlatforms) = postSolution
		{9FE2BA84-3F2F-4B32-AE91-63B48E009589}.Debug|x64.ActiveCfg = Debug|x64
		{9FE2BA84-3F2F-4B32-AE91-63B48E009589}.Debug|x64.Build.0 = Debug|x64
		{9FE2BA84-3F2F-4B32-AE91-63B48E009589}.Debug|x86.ActiveCfg = Debug|Win32
		{9FE2BA84-3F2F-4B32-AE91-63B48E009589}.Debug|x86.Build.0 = Debug|Win32
		{9FE2BA84-3F2F-4B32-AE91-63B48E009589}.Release|x64.ActiveCfg = Release|x64
		{9FE2BA84-3F2F-4B32-AE91-63B48E009589}.Release|x64.Build.0 = Release|x64
		{9FE2BA84-3F2F-4B32-AE91-63B48E009589}.Release|x86.ActiveCfg = Release|Win32
		{9FE2BA84-3F2F-4B32-AE91-63B48E009589}.Release|x86.Build.0 = Release|Win32
	EndGlobalSection
	GlobalSection(SolutionProperties) = preSolution
		HideSolutionNode = FALSE
	EndGlobalSection
	GlobalSection(ExtensibilityGlobals) = postSolution
		SolutionGuid = {596DD685-D9A1-4EC8-8945-AA5B02D380A6}
	EndGlobalSection
EndGlobal
