
Microsoft Visual Studio Solution File, Format Version 12.00
# Visual Studio Version 17
VisualStudioVersion = 17.7.34202.233
MinimumVisualStudioVersion = 10.0.40219.1
Project("{8BC9CEB8-8B4A-11D0-8D11-00A0C91BC942}") = "Basic_206", "Basic_206\Basic_206.vcxproj", "{B387537D-7AF4-4A32-82B0-1004F159E10C}"
EndProject
Global
	GlobalSection(SolutionConfigurationPlatforms) = preSolution
		Debug|x64 = Debug|x64
		Debug|x86 = Debug|x86
		Release|x64 = Release|x64
		Release|x86 = Release|x86
	EndGlobalSection
	GlobalSection(ProjectConfigurationPlatforms) = postSolution
		{B387537D-7AF4-4A32-82B0-1004F159E10C}.Debug|x64.ActiveCfg = Debug|x64
		{B387537D-7AF4-4A32-82B0-1004F159E10C}.Debug|x64.Build.0 = Debug|x64
		{B387537D-7AF4-4A32-82B0-1004F159E10C}.Debug|x86.ActiveCfg = Debug|Win32
		{B387537D-7AF4-4A32-82B0-1004F159E10C}.Debug|x86.Build.0 = Debug|Win32
		{B387537D-7AF4-4A32-82B0-1004F159E10C}.Release|x64.ActiveCfg = Release|x64
		{B387537D-7AF4-4A32-82B0-1004F159E10C}.Release|x64.Build.0 = Release|x64
		{B387537D-7AF4-4A32-82B0-1004F159E10C}.Release|x86.ActiveCfg = Release|Win32
		{B387537D-7AF4-4A32-82B0-1004F159E10C}.Release|x86.Build.0 = Release|Win32
	EndGlobalSection
	GlobalSection(SolutionProperties) = preSolution
		HideSolutionNode = FALSE
	EndGlobalSection
	GlobalSection(ExtensibilityGlobals) = postSolution
		SolutionGuid = {90292503-E20E-4760-BF45-17D70F59C6F2}
	EndGlobalSection
EndGlobal
