
Microsoft Visual Studio Solution File, Format Version 12.00
# Visual Studio Version 17
VisualStudioVersion = 17.7.34202.233
MinimumVisualStudioVersion = 10.0.40219.1
Project("{8BC9CEB8-8B4A-11D0-8D11-00A0C91BC942}") = "Basic_98", "Basic_98\Basic_98.vcxproj", "{178BE788-333D-47D7-A4FD-852A59FD0B6E}"
EndProject
Global
	GlobalSection(SolutionConfigurationPlatforms) = preSolution
		Debug|x64 = Debug|x64
		Debug|x86 = Debug|x86
		Release|x64 = Release|x64
		Release|x86 = Release|x86
	EndGlobalSection
	GlobalSection(ProjectConfigurationPlatforms) = postSolution
		{178BE788-333D-47D7-A4FD-852A59FD0B6E}.Debug|x64.ActiveCfg = Debug|x64
		{178BE788-333D-47D7-A4FD-852A59FD0B6E}.Debug|x64.Build.0 = Debug|x64
		{178BE788-333D-47D7-A4FD-852A59FD0B6E}.Debug|x86.ActiveCfg = Debug|Win32
		{178BE788-333D-47D7-A4FD-852A59FD0B6E}.Debug|x86.Build.0 = Debug|Win32
		{178BE788-333D-47D7-A4FD-852A59FD0B6E}.Release|x64.ActiveCfg = Release|x64
		{178BE788-333D-47D7-A4FD-852A59FD0B6E}.Release|x64.Build.0 = Release|x64
		{178BE788-333D-47D7-A4FD-852A59FD0B6E}.Release|x86.ActiveCfg = Release|Win32
		{178BE788-333D-47D7-A4FD-852A59FD0B6E}.Release|x86.Build.0 = Release|Win32
	EndGlobalSection
	GlobalSection(SolutionProperties) = preSolution
		HideSolutionNode = FALSE
	EndGlobalSection
	GlobalSection(ExtensibilityGlobals) = postSolution
		SolutionGuid = {C1B3E7FE-5F95-493A-89CC-E4BD40548193}
	EndGlobalSection
EndGlobal
