
Microsoft Visual Studio Solution File, Format Version 12.00
# Visual Studio Version 17
VisualStudioVersion = 17.7.34202.233
MinimumVisualStudioVersion = 10.0.40219.1
Project("{8BC9CEB8-8B4A-11D0-8D11-00A0C91BC942}") = "Basic_185", "Basic_185\Basic_185.vcxproj", "{03EA1036-B582-499E-8BDD-93B5055BDF3C}"
EndProject
Global
	GlobalSection(SolutionConfigurationPlatforms) = preSolution
		Debug|x64 = Debug|x64
		Debug|x86 = Debug|x86
		Release|x64 = Release|x64
		Release|x86 = Release|x86
	EndGlobalSection
	GlobalSection(ProjectConfigurationPlatforms) = postSolution
		{03EA1036-B582-499E-8BDD-93B5055BDF3C}.Debug|x64.ActiveCfg = Debug|x64
		{03EA1036-B582-499E-8BDD-93B5055BDF3C}.Debug|x64.Build.0 = Debug|x64
		{03EA1036-B582-499E-8BDD-93B5055BDF3C}.Debug|x86.ActiveCfg = Debug|Win32
		{03EA1036-B582-499E-8BDD-93B5055BDF3C}.Debug|x86.Build.0 = Debug|Win32
		{03EA1036-B582-499E-8BDD-93B5055BDF3C}.Release|x64.ActiveCfg = Release|x64
		{03EA1036-B582-499E-8BDD-93B5055BDF3C}.Release|x64.Build.0 = Release|x64
		{03EA1036-B582-499E-8BDD-93B5055BDF3C}.Release|x86.ActiveCfg = Release|Win32
		{03EA1036-B582-499E-8BDD-93B5055BDF3C}.Release|x86.Build.0 = Release|Win32
	EndGlobalSection
	GlobalSection(SolutionProperties) = preSolution
		HideSolutionNode = FALSE
	EndGlobalSection
	GlobalSection(ExtensibilityGlobals) = postSolution
		SolutionGuid = {18A89DCD-1C8E-420D-93D0-13A9BEFAED1C}
	EndGlobalSection
EndGlobal
