
Microsoft Visual Studio Solution File, Format Version 12.00
# Visual Studio Version 17
VisualStudioVersion = 17.7.34202.233
MinimumVisualStudioVersion = 10.0.40219.1
Project("{8BC9CEB8-8B4A-11D0-8D11-00A0C91BC942}") = "Basic_12", "Basic_12\Basic_12.vcxproj", "{2332B83B-069D-41F1-AA7B-8CD43E165EB6}"
EndProject
Global
	GlobalSection(SolutionConfigurationPlatforms) = preSolution
		Debug|x64 = Debug|x64
		Debug|x86 = Debug|x86
		Release|x64 = Release|x64
		Release|x86 = Release|x86
	EndGlobalSection
	GlobalSection(ProjectConfigurationPlatforms) = postSolution
		{2332B83B-069D-41F1-AA7B-8CD43E165EB6}.Debug|x64.ActiveCfg = Debug|x64
		{2332B83B-069D-41F1-AA7B-8CD43E165EB6}.Debug|x64.Build.0 = Debug|x64
		{2332B83B-069D-41F1-AA7B-8CD43E165EB6}.Debug|x86.ActiveCfg = Debug|Win32
		{2332B83B-069D-41F1-AA7B-8CD43E165EB6}.Debug|x86.Build.0 = Debug|Win32
		{2332B83B-069D-41F1-AA7B-8CD43E165EB6}.Release|x64.ActiveCfg = Release|x64
		{2332B83B-069D-41F1-AA7B-8CD43E165EB6}.Release|x64.Build.0 = Release|x64
		{2332B83B-069D-41F1-AA7B-8CD43E165EB6}.Release|x86.ActiveCfg = Release|Win32
		{2332B83B-069D-41F1-AA7B-8CD43E165EB6}.Release|x86.Build.0 = Release|Win32
	EndGlobalSection
	GlobalSection(SolutionProperties) = preSolution
		HideSolutionNode = FALSE
	EndGlobalSection
	GlobalSection(ExtensibilityGlobals) = postSolution
		SolutionGuid = {9E37E37D-244F-48BE-BFCA-F0C3B7FB78A6}
	EndGlobalSection
EndGlobal
