
Microsoft Visual Studio Solution File, Format Version 12.00
# Visual Studio Version 17
VisualStudioVersion = 17.7.34202.233
MinimumVisualStudioVersion = 10.0.40219.1
Project("{8BC9CEB8-8B4A-11D0-8D11-00A0C91BC942}") = "Basic_227", "Basic_227\Basic_227.vcxproj", "{1207DA29-DA43-40C0-8022-3B2B7C45EA82}"
EndProject
Global
	GlobalSection(SolutionConfigurationPlatforms) = preSolution
		Debug|x64 = Debug|x64
		Debug|x86 = Debug|x86
		Release|x64 = Release|x64
		Release|x86 = Release|x86
	EndGlobalSection
	GlobalSection(ProjectConfigurationPlatforms) = postSolution
		{1207DA29-DA43-40C0-8022-3B2B7C45EA82}.Debug|x64.ActiveCfg = Debug|x64
		{1207DA29-DA43-40C0-8022-3B2B7C45EA82}.Debug|x64.Build.0 = Debug|x64
		{1207DA29-DA43-40C0-8022-3B2B7C45EA82}.Debug|x86.ActiveCfg = Debug|Win32
		{1207DA29-DA43-40C0-8022-3B2B7C45EA82}.Debug|x86.Build.0 = Debug|Win32
		{1207DA29-DA43-40C0-8022-3B2B7C45EA82}.Release|x64.ActiveCfg = Release|x64
		{1207DA29-DA43-40C0-8022-3B2B7C45EA82}.Release|x64.Build.0 = Release|x64
		{1207DA29-DA43-40C0-8022-3B2B7C45EA82}.Release|x86.ActiveCfg = Release|Win32
		{1207DA29-DA43-40C0-8022-3B2B7C45EA82}.Release|x86.Build.0 = Release|Win32
	EndGlobalSection
	GlobalSection(SolutionProperties) = preSolution
		HideSolutionNode = FALSE
	EndGlobalSection
	GlobalSection(ExtensibilityGlobals) = postSolution
		SolutionGuid = {FF8DF04A-FE5C-45C8-9165-3DE86CF66DA2}
	EndGlobalSection
EndGlobal
