
Microsoft Visual Studio Solution File, Format Version 12.00
# Visual Studio Version 17
VisualStudioVersion = 17.7.34202.233
MinimumVisualStudioVersion = 10.0.40219.1
Project("{8BC9CEB8-8B4A-11D0-8D11-00A0C91BC942}") = "Basic_147", "Basic_147\Basic_147.vcxproj", "{8524539D-5952-45D1-86DC-E29B4B7523BD}"
EndProject
Global
	GlobalSection(SolutionConfigurationPlatforms) = preSolution
		Debug|x64 = Debug|x64
		Debug|x86 = Debug|x86
		Release|x64 = Release|x64
		Release|x86 = Release|x86
	EndGlobalSection
	GlobalSection(ProjectConfigurationPlatforms) = postSolution
		{8524539D-5952-45D1-86DC-E29B4B7523BD}.Debug|x64.ActiveCfg = Debug|x64
		{8524539D-5952-45D1-86DC-E29B4B7523BD}.Debug|x64.Build.0 = Debug|x64
		{8524539D-5952-45D1-86DC-E29B4B7523BD}.Debug|x86.ActiveCfg = Debug|Win32
		{8524539D-5952-45D1-86DC-E29B4B7523BD}.Debug|x86.Build.0 = Debug|Win32
		{8524539D-5952-45D1-86DC-E29B4B7523BD}.Release|x64.ActiveCfg = Release|x64
		{8524539D-5952-45D1-86DC-E29B4B7523BD}.Release|x64.Build.0 = Release|x64
		{8524539D-5952-45D1-86DC-E29B4B7523BD}.Release|x86.ActiveCfg = Release|Win32
		{8524539D-5952-45D1-86DC-E29B4B7523BD}.Release|x86.Build.0 = Release|Win32
	EndGlobalSection
	GlobalSection(SolutionProperties) = preSolution
		HideSolutionNode = FALSE
	EndGlobalSection
	GlobalSection(ExtensibilityGlobals) = postSolution
		SolutionGuid = {1D837BB7-30F9-4FDC-AF5F-45A420D99301}
	EndGlobalSection
EndGlobal
