
Microsoft Visual Studio Solution File, Format Version 12.00
# Visual Studio Version 17
VisualStudioVersion = 17.7.34202.233
MinimumVisualStudioVersion = 10.0.40219.1
Project("{8BC9CEB8-8B4A-11D0-8D11-00A0C91BC942}") = "Basic_153", "Basic_153\Basic_153.vcxproj", "{75F37BBE-FE32-475B-995D-46D4AE0FBE4D}"
EndProject
Global
	GlobalSection(SolutionConfigurationPlatforms) = preSolution
		Debug|x64 = Debug|x64
		Debug|x86 = Debug|x86
		Release|x64 = Release|x64
		Release|x86 = Release|x86
	EndGlobalSection
	GlobalSection(ProjectConfigurationPlatforms) = postSolution
		{75F37BBE-FE32-475B-995D-46D4AE0FBE4D}.Debug|x64.ActiveCfg = Debug|x64
		{75F37BBE-FE32-475B-995D-46D4AE0FBE4D}.Debug|x64.Build.0 = Debug|x64
		{75F37BBE-FE32-475B-995D-46D4AE0FBE4D}.Debug|x86.ActiveCfg = Debug|Win32
		{75F37BBE-FE32-475B-995D-46D4AE0FBE4D}.Debug|x86.Build.0 = Debug|Win32
		{75F37BBE-FE32-475B-995D-46D4AE0FBE4D}.Release|x64.ActiveCfg = Release|x64
		{75F37BBE-FE32-475B-995D-46D4AE0FBE4D}.Release|x64.Build.0 = Release|x64
		{75F37BBE-FE32-475B-995D-46D4AE0FBE4D}.Release|x86.ActiveCfg = Release|Win32
		{75F37BBE-FE32-475B-995D-46D4AE0FBE4D}.Release|x86.Build.0 = Release|Win32
	EndGlobalSection
	GlobalSection(SolutionProperties) = preSolution
		HideSolutionNode = FALSE
	EndGlobalSection
	GlobalSection(ExtensibilityGlobals) = postSolution
		SolutionGuid = {467256DD-A6F3-4250-8318-E239B3B870E6}
	EndGlobalSection
EndGlobal
